// !$*UTF8*$!
{
	archiveVersion = 1;
	classes = {
	};
	objectVersion = 56;
	objects = {

/* Begin PBXBuildFile section */
		840974612BF7054000AD36A4 /* MC2App.swift in Sources */ = {isa = PBXBuildFile; fileRef = 840974602BF7054000AD36A4 /* MC2App.swift */; };
		840974632BF7054000AD36A4 /* ContentView.swift in Sources */ = {isa = PBXBuildFile; fileRef = 840974622BF7054000AD36A4 /* ContentView.swift */; };
		840974652BF7054200AD36A4 /* Assets.xcassets in Resources */ = {isa = PBXBuildFile; fileRef = 840974642BF7054200AD36A4 /* Assets.xcassets */; };
		840974682BF7054200AD36A4 /* Preview Assets.xcassets in Resources */ = {isa = PBXBuildFile; fileRef = 840974672BF7054200AD36A4 /* Preview Assets.xcassets */; };
		840974722BF7054200AD36A4 /* MC2Tests.swift in Sources */ = {isa = PBXBuildFile; fileRef = 840974712BF7054200AD36A4 /* MC2Tests.swift */; };
		8409747C2BF7054200AD36A4 /* MC2UITests.swift in Sources */ = {isa = PBXBuildFile; fileRef = 8409747B2BF7054200AD36A4 /* MC2UITests.swift */; };
		8409747E2BF7054200AD36A4 /* MC2UITestsLaunchTests.swift in Sources */ = {isa = PBXBuildFile; fileRef = 8409747D2BF7054200AD36A4 /* MC2UITestsLaunchTests.swift */; };
		8409748B2BFAE73800AD36A4 /* CameraViewController.swift in Sources */ = {isa = PBXBuildFile; fileRef = 8409748A2BFAE73800AD36A4 /* CameraViewController.swift */; };
		840974982BFD78A100AD36A4 /* SplashScreenView.swift in Sources */ = {isa = PBXBuildFile; fileRef = 840974972BFD78A100AD36A4 /* SplashScreenView.swift */; };
		84325AF72C003B0200B8D8DA /* best_v2.mlpackage in Sources */ = {isa = PBXBuildFile; fileRef = 84325AF62C003B0200B8D8DA /* best_v2.mlpackage */; };
		84DCD2C72C0586B0003C437F /* History.swift in Sources */ = {isa = PBXBuildFile; fileRef = 84DCD2C62C0586B0003C437F /* History.swift */; };
		84DCD2C92C06C4A9003C437F /* Record.swift in Sources */ = {isa = PBXBuildFile; fileRef = 84DCD2C82C06C4A9003C437F /* Record.swift */; };
/* End PBXBuildFile section */

/* Begin PBXContainerItemProxy section */
		8409746E2BF7054200AD36A4 /* PBXContainerItemProxy */ = {
			isa = PBXContainerItemProxy;
			containerPortal = 840974552BF7054000AD36A4 /* Project object */;
			proxyType = 1;
			remoteGlobalIDString = 8409745C2BF7054000AD36A4;
			remoteInfo = MC2;
		};
		840974782BF7054200AD36A4 /* PBXContainerItemProxy */ = {
			isa = PBXContainerItemProxy;
			containerPortal = 840974552BF7054000AD36A4 /* Project object */;
			proxyType = 1;
			remoteGlobalIDString = 8409745C2BF7054000AD36A4;
			remoteInfo = MC2;
		};
/* End PBXContainerItemProxy section */

/* Begin PBXFileReference section */
		8409745D2BF7054000AD36A4 /* MC2.app */ = {isa = PBXFileReference; explicitFileType = wrapper.application; includeInIndex = 0; path = MC2.app; sourceTree = BUILT_PRODUCTS_DIR; };
		840974602BF7054000AD36A4 /* MC2App.swift */ = {isa = PBXFileReference; lastKnownFileType = sourcecode.swift; path = MC2App.swift; sourceTree = "<group>"; };
		840974622BF7054000AD36A4 /* ContentView.swift */ = {isa = PBXFileReference; lastKnownFileType = sourcecode.swift; path = ContentView.swift; sourceTree = "<group>"; };
		840974642BF7054200AD36A4 /* Assets.xcassets */ = {isa = PBXFileReference; lastKnownFileType = folder.assetcatalog; path = Assets.xcassets; sourceTree = "<group>"; };
		840974672BF7054200AD36A4 /* Preview Assets.xcassets */ = {isa = PBXFileReference; lastKnownFileType = folder.assetcatalog; path = "Preview Assets.xcassets"; sourceTree = "<group>"; };
		8409746D2BF7054200AD36A4 /* MC2Tests.xctest */ = {isa = PBXFileReference; explicitFileType = wrapper.cfbundle; includeInIndex = 0; path = MC2Tests.xctest; sourceTree = BUILT_PRODUCTS_DIR; };
		840974712BF7054200AD36A4 /* MC2Tests.swift */ = {isa = PBXFileReference; lastKnownFileType = sourcecode.swift; path = MC2Tests.swift; sourceTree = "<group>"; };
		840974772BF7054200AD36A4 /* MC2UITests.xctest */ = {isa = PBXFileReference; explicitFileType = wrapper.cfbundle; includeInIndex = 0; path = MC2UITests.xctest; sourceTree = BUILT_PRODUCTS_DIR; };
		8409747B2BF7054200AD36A4 /* MC2UITests.swift */ = {isa = PBXFileReference; lastKnownFileType = sourcecode.swift; path = MC2UITests.swift; sourceTree = "<group>"; };
		8409747D2BF7054200AD36A4 /* MC2UITestsLaunchTests.swift */ = {isa = PBXFileReference; lastKnownFileType = sourcecode.swift; path = MC2UITestsLaunchTests.swift; sourceTree = "<group>"; };
		8409748A2BFAE73800AD36A4 /* CameraViewController.swift */ = {isa = PBXFileReference; lastKnownFileType = sourcecode.swift; path = CameraViewController.swift; sourceTree = "<group>"; };
		8409748C2BFAE7A900AD36A4 /* Info.plist */ = {isa = PBXFileReference; lastKnownFileType = text.plist; path = Info.plist; sourceTree = "<group>"; };
		840974972BFD78A100AD36A4 /* SplashScreenView.swift */ = {isa = PBXFileReference; lastKnownFileType = sourcecode.swift; path = SplashScreenView.swift; sourceTree = "<group>"; };
		84325AF62C003B0200B8D8DA /* best_v2.mlpackage */ = {isa = PBXFileReference; lastKnownFileType = folder.mlpackage; path = best_v2.mlpackage; sourceTree = SOURCE_ROOT; };
		84DCD2C62C0586B0003C437F /* History.swift */ = {isa = PBXFileReference; lastKnownFileType = sourcecode.swift; path = History.swift; sourceTree = "<group>"; };
		84DCD2C82C06C4A9003C437F /* Record.swift */ = {isa = PBXFileReference; lastKnownFileType = sourcecode.swift; path = Record.swift; sourceTree = "<group>"; };
/* End PBXFileReference section */

/* Begin PBXFrameworksBuildPhase section */
		8409745A2BF7054000AD36A4 /* Frameworks */ = {
			isa = PBXFrameworksBuildPhase;
			buildActionMask = 2147483647;
			files = (
			);
			runOnlyForDeploymentPostprocessing = 0;
		};
		8409746A2BF7054200AD36A4 /* Frameworks */ = {
			isa = PBXFrameworksBuildPhase;
			buildActionMask = 2147483647;
			files = (
			);
			runOnlyForDeploymentPostprocessing = 0;
		};
		840974742BF7054200AD36A4 /* Frameworks */ = {
			isa = PBXFrameworksBuildPhase;
			buildActionMask = 2147483647;
			files = (
			);
			runOnlyForDeploymentPostprocessing = 0;
		};
/* End PBXFrameworksBuildPhase section */

/* Begin PBXGroup section */
		840974542BF7054000AD36A4 = {
			isa = PBXGroup;
			children = (
				8409745F2BF7054000AD36A4 /* MC2 */,
				840974702BF7054200AD36A4 /* MC2Tests */,
				8409747A2BF7054200AD36A4 /* MC2UITests */,
				8409745E2BF7054000AD36A4 /* Products */,
			);
			sourceTree = "<group>";
		};
		8409745E2BF7054000AD36A4 /* Products */ = {
			isa = PBXGroup;
			children = (
				8409745D2BF7054000AD36A4 /* MC2.app */,
				8409746D2BF7054200AD36A4 /* MC2Tests.xctest */,
				840974772BF7054200AD36A4 /* MC2UITests.xctest */,
			);
			name = Products;
			sourceTree = "<group>";
		};
		8409745F2BF7054000AD36A4 /* MC2 */ = {
			isa = PBXGroup;
			children = (
				8409748C2BFAE7A900AD36A4 /* Info.plist */,
				840974602BF7054000AD36A4 /* MC2App.swift */,
				840974972BFD78A100AD36A4 /* SplashScreenView.swift */,
				840974622BF7054000AD36A4 /* ContentView.swift */,
				84DCD2C82C06C4A9003C437F /* Record.swift */,
				84DCD2C62C0586B0003C437F /* History.swift */,
				8409748A2BFAE73800AD36A4 /* CameraViewController.swift */,
				84325AF62C003B0200B8D8DA /* best_v2.mlpackage */,
				840974642BF7054200AD36A4 /* Assets.xcassets */,
				840974662BF7054200AD36A4 /* Preview Content */,
			);
			path = MC2;
			sourceTree = "<group>";
		};
		840974662BF7054200AD36A4 /* Preview Content */ = {
			isa = PBXGroup;
			children = (
				840974672BF7054200AD36A4 /* Preview Assets.xcassets */,
			);
			path = "Preview Content";
			sourceTree = "<group>";
		};
		840974702BF7054200AD36A4 /* MC2Tests */ = {
			isa = PBXGroup;
			children = (
				840974712BF7054200AD36A4 /* MC2Tests.swift */,
			);
			path = MC2Tests;
			sourceTree = "<group>";
		};
		8409747A2BF7054200AD36A4 /* MC2UITests */ = {
			isa = PBXGroup;
			children = (
				8409747B2BF7054200AD36A4 /* MC2UITests.swift */,
				8409747D2BF7054200AD36A4 /* MC2UITestsLaunchTests.swift */,
			);
			path = MC2UITests;
			sourceTree = "<group>";
		};
/* End PBXGroup section */

/* Begin PBXNativeTarget section */
		8409745C2BF7054000AD36A4 /* MC2 */ = {
			isa = PBXNativeTarget;
			buildConfigurationList = 840974812BF7054200AD36A4 /* Build configuration list for PBXNativeTarget "MC2" */;
			buildPhases = (
				840974592BF7054000AD36A4 /* Sources */,
				8409745A2BF7054000AD36A4 /* Frameworks */,
				8409745B2BF7054000AD36A4 /* Resources */,
			);
			buildRules = (
			);
			dependencies = (
			);
			name = MC2;
			productName = MC2;
			productReference = 8409745D2BF7054000AD36A4 /* MC2.app */;
			productType = "com.apple.product-type.application";
		};
		8409746C2BF7054200AD36A4 /* MC2Tests */ = {
			isa = PBXNativeTarget;
			buildConfigurationList = 840974842BF7054200AD36A4 /* Build configuration list for PBXNativeTarget "MC2Tests" */;
			buildPhases = (
				840974692BF7054200AD36A4 /* Sources */,
				8409746A2BF7054200AD36A4 /* Frameworks */,
				8409746B2BF7054200AD36A4 /* Resources */,
			);
			buildRules = (
			);
			dependencies = (
				8409746F2BF7054200AD36A4 /* PBXTargetDependency */,
			);
			name = MC2Tests;
			productName = MC2Tests;
			productReference = 8409746D2BF7054200AD36A4 /* MC2Tests.xctest */;
			productType = "com.apple.product-type.bundle.unit-test";
		};
		840974762BF7054200AD36A4 /* MC2UITests */ = {
			isa = PBXNativeTarget;
			buildConfigurationList = 840974872BF7054200AD36A4 /* Build configuration list for PBXNativeTarget "MC2UITests" */;
			buildPhases = (
				840974732BF7054200AD36A4 /* Sources */,
				840974742BF7054200AD36A4 /* Frameworks */,
				840974752BF7054200AD36A4 /* Resources */,
			);
			buildRules = (
			);
			dependencies = (
				840974792BF7054200AD36A4 /* PBXTargetDependency */,
			);
			name = MC2UITests;
			productName = MC2UITests;
			productReference = 840974772BF7054200AD36A4 /* MC2UITests.xctest */;
			productType = "com.apple.product-type.bundle.ui-testing";
		};
/* End PBXNativeTarget section */

/* Begin PBXProject section */
		840974552BF7054000AD36A4 /* Project object */ = {
			isa = PBXProject;
			attributes = {
				BuildIndependentTargetsInParallel = 1;
				LastSwiftUpdateCheck = 1520;
				LastUpgradeCheck = 1520;
				TargetAttributes = {
					8409745C2BF7054000AD36A4 = {
						CreatedOnToolsVersion = 15.2;
					};
					8409746C2BF7054200AD36A4 = {
						CreatedOnToolsVersion = 15.2;
						TestTargetID = 8409745C2BF7054000AD36A4;
					};
					840974762BF7054200AD36A4 = {
						CreatedOnToolsVersion = 15.2;
						TestTargetID = 8409745C2BF7054000AD36A4;
					};
				};
			};
			buildConfigurationList = 840974582BF7054000AD36A4 /* Build configuration list for PBXProject "MC2" */;
			compatibilityVersion = "Xcode 14.0";
			developmentRegion = en;
			hasScannedForEncodings = 0;
			knownRegions = (
				en,
				Base,
			);
			mainGroup = 840974542BF7054000AD36A4;
			productRefGroup = 8409745E2BF7054000AD36A4 /* Products */;
			projectDirPath = "";
			projectRoot = "";
			targets = (
				8409745C2BF7054000AD36A4 /* MC2 */,
				8409746C2BF7054200AD36A4 /* MC2Tests */,
				840974762BF7054200AD36A4 /* MC2UITests */,
			);
		};
/* End PBXProject section */

/* Begin PBXResourcesBuildPhase section */
		8409745B2BF7054000AD36A4 /* Resources */ = {
			isa = PBXResourcesBuildPhase;
			buildActionMask = 2147483647;
			files = (
				840974682BF7054200AD36A4 /* Preview Assets.xcassets in Resources */,
				840974652BF7054200AD36A4 /* Assets.xcassets in Resources */,
			);
			runOnlyForDeploymentPostprocessing = 0;
		};
		8409746B2BF7054200AD36A4 /* Resources */ = {
			isa = PBXResourcesBuildPhase;
			buildActionMask = 2147483647;
			files = (
			);
			runOnlyForDeploymentPostprocessing = 0;
		};
		840974752BF7054200AD36A4 /* Resources */ = {
			isa = PBXResourcesBuildPhase;
			buildActionMask = 2147483647;
			files = (
			);
			runOnlyForDeploymentPostprocessing = 0;
		};
/* End PBXResourcesBuildPhase section */

/* Begin PBXSourcesBuildPhase section */
		840974592BF7054000AD36A4 /* Sources */ = {
			isa = PBXSourcesBuildPhase;
			buildActionMask = 2147483647;
			files = (
				840974982BFD78A100AD36A4 /* SplashScreenView.swift in Sources */,
				84DCD2C72C0586B0003C437F /* History.swift in Sources */,
				840974632BF7054000AD36A4 /* ContentView.swift in Sources */,
				84325AF72C003B0200B8D8DA /* best_v2.mlpackage in Sources */,
				840974612BF7054000AD36A4 /* MC2App.swift in Sources */,
				84DCD2C92C06C4A9003C437F /* Record.swift in Sources */,
				8409748B2BFAE73800AD36A4 /* CameraViewController.swift in Sources */,
			);
			runOnlyForDeploymentPostprocessing = 0;
		};
		840974692BF7054200AD36A4 /* Sources */ = {
			isa = PBXSourcesBuildPhase;
			buildActionMask = 2147483647;
			files = (
				840974722BF7054200AD36A4 /* MC2Tests.swift in Sources */,
			);
			runOnlyForDeploymentPostprocessing = 0;
		};
		840974732BF7054200AD36A4 /* Sources */ = {
			isa = PBXSourcesBuildPhase;
			buildActionMask = 2147483647;
			files = (
				8409747C2BF7054200AD36A4 /* MC2UITests.swift in Sources */,
				8409747E2BF7054200AD36A4 /* MC2UITestsLaunchTests.swift in Sources */,
			);
			runOnlyForDeploymentPostprocessing = 0;
		};
/* End PBXSourcesBuildPhase section */

/* Begin PBXTargetDependency section */
		8409746F2BF7054200AD36A4 /* PBXTargetDependency */ = {
			isa = PBXTargetDependency;
			target = 8409745C2BF7054000AD36A4 /* MC2 */;
			targetProxy = 8409746E2BF7054200AD36A4 /* PBXContainerItemProxy */;
		};
		840974792BF7054200AD36A4 /* PBXTargetDependency */ = {
			isa = PBXTargetDependency;
			target = 8409745C2BF7054000AD36A4 /* MC2 */;
			targetProxy = 840974782BF7054200AD36A4 /* PBXContainerItemProxy */;
		};
/* End PBXTargetDependency section */

/* Begin XCBuildConfiguration section */
		8409747F2BF7054200AD36A4 /* Debug */ = {
			isa = XCBuildConfiguration;
			buildSettings = {
				ALWAYS_SEARCH_USER_PATHS = NO;
				ASSETCATALOG_COMPILER_GENERATE_SWIFT_ASSET_SYMBOL_EXTENSIONS = YES;
				CLANG_ANALYZER_NONNULL = YES;
				CLANG_ANALYZER_NUMBER_OBJECT_CONVERSION = YES_AGGRESSIVE;
				CLANG_CXX_LANGUAGE_STANDARD = "gnu++20";
				CLANG_ENABLE_MODULES = YES;
				CLANG_ENABLE_OBJC_ARC = YES;
				CLANG_ENABLE_OBJC_WEAK = YES;
				CLANG_WARN_BLOCK_CAPTURE_AUTORELEASING = YES;
				CLANG_WARN_BOOL_CONVERSION = YES;
				CLANG_WARN_COMMA = YES;
				CLANG_WARN_CONSTANT_CONVERSION = YES;
				CLANG_WARN_DEPRECATED_OBJC_IMPLEMENTATIONS = YES;
				CLANG_WARN_DIRECT_OBJC_ISA_USAGE = YES_ERROR;
				CLANG_WARN_DOCUMENTATION_COMMENTS = YES;
				CLANG_WARN_EMPTY_BODY = YES;
				CLANG_WARN_ENUM_CONVERSION = YES;
				CLANG_WARN_INFINITE_RECURSION = YES;
				CLANG_WARN_INT_CONVERSION = YES;
				CLANG_WARN_NON_LITERAL_NULL_CONVERSION = YES;
				CLANG_WARN_OBJC_IMPLICIT_RETAIN_SELF = YES;
				CLANG_WARN_OBJC_LITERAL_CONVERSION = YES;
				CLANG_WARN_OBJC_ROOT_CLASS = YES_ERROR;
				CLANG_WARN_QUOTED_INCLUDE_IN_FRAMEWORK_HEADER = YES;
				CLANG_WARN_RANGE_LOOP_ANALYSIS = YES;
				CLANG_WARN_STRICT_PROTOTYPES = YES;
				CLANG_WARN_SUSPICIOUS_MOVE = YES;
				CLANG_WARN_UNGUARDED_AVAILABILITY = YES_AGGRESSIVE;
				CLANG_WARN_UNREACHABLE_CODE = YES;
				CLANG_WARN__DUPLICATE_METHOD_MATCH = YES;
				COPY_PHASE_STRIP = NO;
				DEBUG_INFORMATION_FORMAT = dwarf;
				ENABLE_STRICT_OBJC_MSGSEND = YES;
				ENABLE_TESTABILITY = YES;
				ENABLE_USER_SCRIPT_SANDBOXING = YES;
				GCC_C_LANGUAGE_STANDARD = gnu17;
				GCC_DYNAMIC_NO_PIC = NO;
				GCC_NO_COMMON_BLOCKS = YES;
				GCC_OPTIMIZATION_LEVEL = 0;
				GCC_PREPROCESSOR_DEFINITIONS = (
					"DEBUG=1",
					"$(inherited)",
				);
				GCC_WARN_64_TO_32_BIT_CONVERSION = YES;
				GCC_WARN_ABOUT_RETURN_TYPE = YES_ERROR;
				GCC_WARN_UNDECLARED_SELECTOR = YES;
				GCC_WARN_UNINITIALIZED_AUTOS = YES_AGGRESSIVE;
				GCC_WARN_UNUSED_FUNCTION = YES;
				GCC_WARN_UNUSED_VARIABLE = YES;
				IPHONEOS_DEPLOYMENT_TARGET = 17.2;
				LOCALIZATION_PREFERS_STRING_CATALOGS = YES;
				MTL_ENABLE_DEBUG_INFO = INCLUDE_SOURCE;
				MTL_FAST_MATH = YES;
				ONLY_ACTIVE_ARCH = YES;
				SDKROOT = iphoneos;
				SWIFT_ACTIVE_COMPILATION_CONDITIONS = "DEBUG $(inherited)";
				SWIFT_OPTIMIZATION_LEVEL = "-Onone";
			};
			name = Debug;
		};
		840974802BF7054200AD36A4 /* Release */ = {
			isa = XCBuildConfiguration;
			buildSettings = {
				ALWAYS_SEARCH_USER_PATHS = NO;
				ASSETCATALOG_COMPILER_GENERATE_SWIFT_ASSET_SYMBOL_EXTENSIONS = YES;
				CLANG_ANALYZER_NONNULL = YES;
				CLANG_ANALYZER_NUMBER_OBJECT_CONVERSION = YES_AGGRESSIVE;
				CLANG_CXX_LANGUAGE_STANDARD = "gnu++20";
				CLANG_ENABLE_MODULES = YES;
				CLANG_ENABLE_OBJC_ARC = YES;
				CLANG_ENABLE_OBJC_WEAK = YES;
				CLANG_WARN_BLOCK_CAPTURE_AUTORELEASING = YES;
				CLANG_WARN_BOOL_CONVERSION = YES;
				CLANG_WARN_COMMA = YES;
				CLANG_WARN_CONSTANT_CONVERSION = YES;
				CLANG_WARN_DEPRECATED_OBJC_IMPLEMENTATIONS = YES;
				CLANG_WARN_DIRECT_OBJC_ISA_USAGE = YES_ERROR;
				CLANG_WARN_DOCUMENTATION_COMMENTS = YES;
				CLANG_WARN_EMPTY_BODY = YES;
				CLANG_WARN_ENUM_CONVERSION = YES;
				CLANG_WARN_INFINITE_RECURSION = YES;
				CLANG_WARN_INT_CONVERSION = YES;
				CLANG_WARN_NON_LITERAL_NULL_CONVERSION = YES;
				CLANG_WARN_OBJC_IMPLICIT_RETAIN_SELF = YES;
				CLANG_WARN_OBJC_LITERAL_CONVERSION = YES;
				CLANG_WARN_OBJC_ROOT_CLASS = YES_ERROR;
				CLANG_WARN_QUOTED_INCLUDE_IN_FRAMEWORK_HEADER = YES;
				CLANG_WARN_RANGE_LOOP_ANALYSIS = YES;
				CLANG_WARN_STRICT_PROTOTYPES = YES;
				CLANG_WARN_SUSPICIOUS_MOVE = YES;
				CLANG_WARN_UNGUARDED_AVAILABILITY = YES_AGGRESSIVE;
				CLANG_WARN_UNREACHABLE_CODE = YES;
				CLANG_WARN__DUPLICATE_METHOD_MATCH = YES;
				COPY_PHASE_STRIP = NO;
				DEBUG_INFORMATION_FORMAT = "dwarf-with-dsym";
				ENABLE_NS_ASSERTIONS = NO;
				ENABLE_STRICT_OBJC_MSGSEND = YES;
				ENABLE_USER_SCRIPT_SANDBOXING = YES;
				GCC_C_LANGUAGE_STANDARD = gnu17;
				GCC_NO_COMMON_BLOCKS = YES;
				GCC_WARN_64_TO_32_BIT_CONVERSION = YES;
				GCC_WARN_ABOUT_RETURN_TYPE = YES_ERROR;
				GCC_WARN_UNDECLARED_SELECTOR = YES;
				GCC_WARN_UNINITIALIZED_AUTOS = YES_AGGRESSIVE;
				GCC_WARN_UNUSED_FUNCTION = YES;
				GCC_WARN_UNUSED_VARIABLE = YES;
				IPHONEOS_DEPLOYMENT_TARGET = 17.2;
				LOCALIZATION_PREFERS_STRING_CATALOGS = YES;
				MTL_ENABLE_DEBUG_INFO = NO;
				MTL_FAST_MATH = YES;
				SDKROOT = iphoneos;
				SWIFT_COMPILATION_MODE = wholemodule;
				VALIDATE_PRODUCT = YES;
			};
			name = Release;
		};
		840974822BF7054200AD36A4 /* Debug */ = {
			isa = XCBuildConfiguration;
			buildSettings = {
				ASSETCATALOG_COMPILER_APPICON_NAME = AppIcon;
				ASSETCATALOG_COMPILER_GLOBAL_ACCENT_COLOR_NAME = AccentColor;
				CODE_SIGN_STYLE = Automatic;
				CURRENT_PROJECT_VERSION = 1;
				DEVELOPMENT_ASSET_PATHS = "\"MC2/Preview Content\"";
				DEVELOPMENT_TEAM = 4492BP5753;
				ENABLE_PREVIEWS = YES;
				GENERATE_INFOPLIST_FILE = YES;
				INFOPLIST_FILE = MC2/Info.plist;
				INFOPLIST_KEY_NSCameraUsageDescription = "We need access to your camera for capturing photos and videos";
				INFOPLIST_KEY_UIApplicationSceneManifest_Generation = YES;
				INFOPLIST_KEY_UIApplicationSupportsIndirectInputEvents = YES;
				INFOPLIST_KEY_UILaunchScreen_Generation = YES;
				INFOPLIST_KEY_UISupportedInterfaceOrientations = UIInterfaceOrientationLandscapeRight;
				LD_RUNPATH_SEARCH_PATHS = (
					"$(inherited)",
					"@executable_path/Frameworks",
				);
				MARKETING_VERSION = 1.0;
				PRODUCT_BUNDLE_IDENTIFIER = ADA.MC2;
				PRODUCT_NAME = "$(TARGET_NAME)";
				SWIFT_EMIT_LOC_STRINGS = YES;
				SWIFT_VERSION = 5.0;
				TARGETED_DEVICE_FAMILY = "1,2";
			};
			name = Debug;
		};
		840974832BF7054200AD36A4 /* Release */ = {
			isa = XCBuildConfiguration;
			buildSettings = {
				ASSETCATALOG_COMPILER_APPICON_NAME = AppIcon;
				ASSETCATALOG_COMPILER_GLOBAL_ACCENT_COLOR_NAME = AccentColor;
				CODE_SIGN_STYLE = Automatic;
				CURRENT_PROJECT_VERSION = 1;
				DEVELOPMENT_ASSET_PATHS = "\"MC2/Preview Content\"";
				DEVELOPMENT_TEAM = 4492BP5753;
				ENABLE_PREVIEWS = YES;
				GENERATE_INFOPLIST_FILE = YES;
				INFOPLIST_FILE = MC2/Info.plist;
				INFOPLIST_KEY_NSCameraUsageDescription = "We need access to your camera for capturing photos and videos";
				INFOPLIST_KEY_UIApplicationSceneManifest_Generation = YES;
				INFOPLIST_KEY_UIApplicationSupportsIndirectInputEvents = YES;
				INFOPLIST_KEY_UILaunchScreen_Generation = YES;
				INFOPLIST_KEY_UISupportedInterfaceOrientations = UIInterfaceOrientationLandscapeRight;
				LD_RUNPATH_SEARCH_PATHS = (
					"$(inherited)",
					"@executable_path/Frameworks",
				);
				MARKETING_VERSION = 1.0;
				PRODUCT_BUNDLE_IDENTIFIER = ADA.MC2;
				PRODUCT_NAME = "$(TARGET_NAME)";
				SWIFT_EMIT_LOC_STRINGS = YES;
				SWIFT_VERSION = 5.0;
				TARGETED_DEVICE_FAMILY = "1,2";
			};
			name = Release;
		};
		840974852BF7054200AD36A4 /* Debug */ = {
			isa = XCBuildConfiguration;
			buildSettings = {
				ALWAYS_EMBED_SWIFT_STANDARD_LIBRARIES = YES;
				BUNDLE_LOADER = "$(TEST_HOST)";
				CODE_SIGN_STYLE = Automatic;
				CURRENT_PROJECT_VERSION = 1;
				GENERATE_INFOPLIST_FILE = YES;
				IPHONEOS_DEPLOYMENT_TARGET = 17.2;
				MARKETING_VERSION = 1.0;
				PRODUCT_BUNDLE_IDENTIFIER = ADA.MC2Tests;
				PRODUCT_NAME = "$(TARGET_NAME)";
				SWIFT_EMIT_LOC_STRINGS = NO;
				SWIFT_VERSION = 5.0;
				TARGETED_DEVICE_FAMILY = "1,2";
				TEST_HOST = "$(BUILT_PRODUCTS_DIR)/MC2.app/$(BUNDLE_EXECUTABLE_FOLDER_PATH)/MC2";
			};
			name = Debug;
		};
		840974862BF7054200AD36A4 /* Release */ = {
			isa = XCBuildConfiguration;
			buildSettings = {
				ALWAYS_EMBED_SWIFT_STANDARD_LIBRARIES = YES;
				BUNDLE_LOADER = "$(TEST_HOST)";
				CODE_SIGN_STYLE = Automatic;
				CURRENT_PROJECT_VERSION = 1;
				GENERATE_INFOPLIST_FILE = YES;
				IPHONEOS_DEPLOYMENT_TARGET = 17.2;
				MARKETING_VERSION = 1.0;
				PRODUCT_BUNDLE_IDENTIFIER = ADA.MC2Tests;
				PRODUCT_NAME = "$(TARGET_NAME)";
				SWIFT_EMIT_LOC_STRINGS = NO;
				SWIFT_VERSION = 5.0;
				TARGETED_DEVICE_FAMILY = "1,2";
				TEST_HOST = "$(BUILT_PRODUCTS_DIR)/MC2.app/$(BUNDLE_EXECUTABLE_FOLDER_PATH)/MC2";
			};
			name = Release;
		};
		840974882BF7054200AD36A4 /* Debug */ = {
			isa = XCBuildConfiguration;
			buildSettings = {
				ALWAYS_EMBED_SWIFT_STANDARD_LIBRARIES = YES;
				CODE_SIGN_STYLE = Automatic;
				CURRENT_PROJECT_VERSION = 1;
				GENERATE_INFOPLIST_FILE = YES;
				MARKETING_VERSION = 1.0;
				PRODUCT_BUNDLE_IDENTIFIER = ADA.MC2UITests;
				PRODUCT_NAME = "$(TARGET_NAME)";
				SWIFT_EMIT_LOC_STRINGS = NO;
				SWIFT_VERSION = 5.0;
				TARGETED_DEVICE_FAMILY = "1,2";
				TEST_TARGET_NAME = MC2;
			};
			name = Debug;
		};
		840974892BF7054200AD36A4 /* Release */ = {
			isa = XCBuildConfiguration;
			buildSettings = {
				ALWAYS_EMBED_SWIFT_STANDARD_LIBRARIES = YES;
				CODE_SIGN_STYLE = Automatic;
				CURRENT_PROJECT_VERSION = 1;
				GENERATE_INFOPLIST_FILE = YES;
				MARKETING_VERSION = 1.0;
				PRODUCT_BUNDLE_IDENTIFIER = ADA.MC2UITests;
				PRODUCT_NAME = "$(TARGET_NAME)";
				SWIFT_EMIT_LOC_STRINGS = NO;
				SWIFT_VERSION = 5.0;
				TARGETED_DEVICE_FAMILY = "1,2";
				TEST_TARGET_NAME = MC2;
			};
			name = Release;
		};
/* End XCBuildConfiguration section */

/* Begin XCConfigurationList section */
		840974582BF7054000AD36A4 /* Build configuration list for PBXProject "MC2" */ = {
			isa = XCConfigurationList;
			buildConfigurations = (
				8409747F2BF7054200AD36A4 /* Debug */,
				840974802BF7054200AD36A4 /* Release */,
			);
			defaultConfigurationIsVisible = 0;
			defaultConfigurationName = Release;
		};
		840974812BF7054200AD36A4 /* Build configuration list for PBXNativeTarget "MC2" */ = {
			isa = XCConfigurationList;
			buildConfigurations = (
				840974822BF7054200AD36A4 /* Debug */,
				840974832BF7054200AD36A4 /* Release */,
			);
			defaultConfigurationIsVisible = 0;
			defaultConfigurationName = Release;
		};
		840974842BF7054200AD36A4 /* Build configuration list for PBXNativeTarget "MC2Tests" */ = {
			isa = XCConfigurationList;
			buildConfigurations = (
				840974852BF7054200AD36A4 /* Debug */,
				840974862BF7054200AD36A4 /* Release */,
			);
			defaultConfigurationIsVisible = 0;
			defaultConfigurationName = Release;
		};
		840974872BF7054200AD36A4 /* Build configuration list for PBXNativeTarget "MC2UITests" */ = {
			isa = XCConfigurationList;
			buildConfigurations = (
				840974882BF7054200AD36A4 /* Debug */,
				840974892BF7054200AD36A4 /* Release */,
			);
			defaultConfigurationIsVisible = 0;
			defaultConfigurationName = Release;
		};
/* End XCConfigurationList section */
	};
	rootObject = 840974552BF7054000AD36A4 /* Project object */;
}
